
Microsoft Visual Studio Solution File, Format Version 12.00
# Visual Studio Version 17
VisualStudioVersion = 17.7.34202.233
MinimumVisualStudioVersion = 10.0.40219.1
Project("{FAE04EC0-301F-11D3-BF4B-00C04F79EFBC}") = "Naloga2.3", "Naloga2.3\Naloga2.3.csproj", "{51AD6907-E38A-4D8A-8318-087EEF6A2EA2}"
EndProject
Global
	GlobalSection(SolutionConfigurationPlatforms) = preSolution
		Debug|Any CPU = Debug|Any CPU
		Release|Any CPU = Release|Any CPU
	EndGlobalSection
	GlobalSection(ProjectConfigurationPlatforms) = postSolution
		{51AD6907-E38A-4D8A-8318-087EEF6A2EA2}.Debug|Any CPU.ActiveCfg = Debug|Any CPU
		{51AD6907-E38A-4D8A-8318-087EEF6A2EA2}.Debug|Any CPU.Build.0 = Debug|Any CPU
		{51AD6907-E38A-4D8A-8318-087EEF6A2EA2}.Release|Any CPU.ActiveCfg = Release|Any CPU
		{51AD6907-E38A-4D8A-8318-087EEF6A2EA2}.Release|Any CPU.Build.0 = Release|Any CPU
	EndGlobalSection
	GlobalSection(SolutionProperties) = preSolution
		HideSolutionNode = FALSE
	EndGlobalSection
	GlobalSection(ExtensibilityGlobals) = postSolution
		SolutionGuid = {E93FA52A-C956-4278-9319-C078F9DDEDF3}
	EndGlobalSection
EndGlobal
